
Microsoft Visual Studio Solution File, Format Version 12.00
# Visual Studio 15
VisualStudioVersion = 15.0.28307.902
MinimumVisualStudioVersion = 10.0.40219.1
Project("{FAE04EC0-301F-11D3-BF4B-00C04F79EFBC}") = "Model_First_Entity_Framework", "Model_First_Entity_Framework\Model_First_Entity_Framework.csproj", "{3B9401BB-3B14-4669-A246-EC23A79AF9A4}"
EndProject
Global
	GlobalSection(SolutionConfigurationPlatforms) = preSolution
		Debug|Any CPU = Debug|Any CPU
		Release|Any CPU = Release|Any CPU
	EndGlobalSection
	GlobalSection(ProjectConfigurationPlatforms) = postSolution
		{3B9401BB-3B14-4669-A246-EC23A79AF9A4}.Debug|Any CPU.ActiveCfg = Debug|Any CPU
		{3B9401BB-3B14-4669-A246-EC23A79AF9A4}.Debug|Any CPU.Build.0 = Debug|Any CPU
		{3B9401BB-3B14-4669-A246-EC23A79AF9A4}.Release|Any CPU.ActiveCfg = Release|Any CPU
		{3B9401BB-3B14-4669-A246-EC23A79AF9A4}.Release|Any CPU.Build.0 = Release|Any CPU
	EndGlobalSection
	GlobalSection(SolutionProperties) = preSolution
		HideSolutionNode = FALSE
	EndGlobalSection
	GlobalSection(ExtensibilityGlobals) = postSolution
		SolutionGuid = {9B276E1D-710C-4B68-A3C1-78713370F035}
	EndGlobalSection
EndGlobal
